// !$*UTF8*$!
{
	archiveVersion = 1;
	classes = {
	};
	objectVersion = 50;
	objects = {

/* Begin PBXBuildFile section */
		8E986FA922BEF4CE0099B37C /* AppDelegate.swift in Sources */ = {isa = PBXBuildFile; fileRef = 8E986FA822BEF4CE0099B37C /* AppDelegate.swift */; };
		8E986FAB22BEF4CE0099B37C /* ViewController.swift in Sources */ = {isa = PBXBuildFile; fileRef = 8E986FAA22BEF4CE0099B37C /* ViewController.swift */; };
		8E986FAE22BEF4CE0099B37C /* Main.storyboard in Resources */ = {isa = PBXBuildFile; fileRef = 8E986FAC22BEF4CE0099B37C /* Main.storyboard */; };
		8E986FB022BEF4CF0099B37C /* Assets.xcassets in Resources */ = {isa = PBXBuildFile; fileRef = 8E986FAF22BEF4CF0099B37C /* Assets.xcassets */; };
		8E986FB322BEF4CF0099B37C /* LaunchScreen.storyboard in Resources */ = {isa = PBXBuildFile; fileRef = 8E986FB122BEF4CF0099B37C /* LaunchScreen.storyboard */; };
		8E986FBE22BEF4CF0099B37C /* CodingChallengeTests.swift in Sources */ = {isa = PBXBuildFile; fileRef = 8E986FBD22BEF4CF0099B37C /* CodingChallengeTests.swift */; };
		8E986FDB22BF09E10099B37C /* MusicSearchViewController.swift in Sources */ = {isa = PBXBuildFile; fileRef = 8E986FD522BF09E10099B37C /* MusicSearchViewController.swift */; };
		8E986FDC22BF09E10099B37C /* MusicSearchInteractor.swift in Sources */ = {isa = PBXBuildFile; fileRef = 8E986FD622BF09E10099B37C /* MusicSearchInteractor.swift */; };
		8E986FDD22BF09E10099B37C /* MusicSearchRouter.swift in Sources */ = {isa = PBXBuildFile; fileRef = 8E986FD722BF09E10099B37C /* MusicSearchRouter.swift */; };
		8E986FDE22BF09E10099B37C /* MusicSearchWorker.swift in Sources */ = {isa = PBXBuildFile; fileRef = 8E986FD822BF09E10099B37C /* MusicSearchWorker.swift */; };
		8E986FDF22BF09E10099B37C /* MusicSearchModels.swift in Sources */ = {isa = PBXBuildFile; fileRef = 8E986FD922BF09E10099B37C /* MusicSearchModels.swift */; };
		8E986FE022BF09E10099B37C /* MusicSearchPresenter.swift in Sources */ = {isa = PBXBuildFile; fileRef = 8E986FDA22BF09E10099B37C /* MusicSearchPresenter.swift */; };
		8E986FF422BF37BF0099B37C /* SongDetailViewController.swift in Sources */ = {isa = PBXBuildFile; fileRef = 8E986FEE22BF37BF0099B37C /* SongDetailViewController.swift */; };
		8E986FF522BF37BF0099B37C /* SongDetailPresenter.swift in Sources */ = {isa = PBXBuildFile; fileRef = 8E986FEF22BF37BF0099B37C /* SongDetailPresenter.swift */; };
		8E986FF622BF37BF0099B37C /* SongDetailInteractor.swift in Sources */ = {isa = PBXBuildFile; fileRef = 8E986FF022BF37BF0099B37C /* SongDetailInteractor.swift */; };
		8E986FF722BF37BF0099B37C /* SongDetailRouter.swift in Sources */ = {isa = PBXBuildFile; fileRef = 8E986FF122BF37BF0099B37C /* SongDetailRouter.swift */; };
		8E986FF822BF37BF0099B37C /* SongDetailWorker.swift in Sources */ = {isa = PBXBuildFile; fileRef = 8E986FF222BF37BF0099B37C /* SongDetailWorker.swift */; };
		8E986FF922BF37BF0099B37C /* SongDetailModels.swift in Sources */ = {isa = PBXBuildFile; fileRef = 8E986FF322BF37BF0099B37C /* SongDetailModels.swift */; };
		8E986FFB22BF39A10099B37C /* SampleSong.json in Resources */ = {isa = PBXBuildFile; fileRef = 8E986FFA22BF39A10099B37C /* SampleSong.json */; };
/* End PBXBuildFile section */

/* Begin PBXContainerItemProxy section */
		8E986FBA22BEF4CF0099B37C /* PBXContainerItemProxy */ = {
			isa = PBXContainerItemProxy;
			containerPortal = 8E986F9D22BEF4CE0099B37C /* Project object */;
			proxyType = 1;
			remoteGlobalIDString = 8E986FA422BEF4CE0099B37C;
			remoteInfo = CodingChallenge;
		};
/* End PBXContainerItemProxy section */

/* Begin PBXFileReference section */
		8E986FA522BEF4CE0099B37C /* CodingChallenge.app */ = {isa = PBXFileReference; explicitFileType = wrapper.application; includeInIndex = 0; path = CodingChallenge.app; sourceTree = BUILT_PRODUCTS_DIR; };
		8E986FA822BEF4CE0099B37C /* AppDelegate.swift */ = {isa = PBXFileReference; lastKnownFileType = sourcecode.swift; path = AppDelegate.swift; sourceTree = "<group>"; };
		8E986FAA22BEF4CE0099B37C /* ViewController.swift */ = {isa = PBXFileReference; lastKnownFileType = sourcecode.swift; path = ViewController.swift; sourceTree = "<group>"; };
		8E986FAD22BEF4CE0099B37C /* Base */ = {isa = PBXFileReference; lastKnownFileType = file.storyboard; name = Base; path = Base.lproj/Main.storyboard; sourceTree = "<group>"; };
		8E986FAF22BEF4CF0099B37C /* Assets.xcassets */ = {isa = PBXFileReference; lastKnownFileType = folder.assetcatalog; path = Assets.xcassets; sourceTree = "<group>"; };
		8E986FB222BEF4CF0099B37C /* Base */ = {isa = PBXFileReference; lastKnownFileType = file.storyboard; name = Base; path = Base.lproj/LaunchScreen.storyboard; sourceTree = "<group>"; };
		8E986FB422BEF4CF0099B37C /* Info.plist */ = {isa = PBXFileReference; lastKnownFileType = text.plist.xml; path = Info.plist; sourceTree = "<group>"; };
		8E986FB922BEF4CF0099B37C /* CodingChallengeTests.xctest */ = {isa = PBXFileReference; explicitFileType = wrapper.cfbundle; includeInIndex = 0; path = CodingChallengeTests.xctest; sourceTree = BUILT_PRODUCTS_DIR; };
		8E986FBD22BEF4CF0099B37C /* CodingChallengeTests.swift */ = {isa = PBXFileReference; lastKnownFileType = sourcecode.swift; path = CodingChallengeTests.swift; sourceTree = "<group>"; };
		8E986FBF22BEF4CF0099B37C /* Info.plist */ = {isa = PBXFileReference; lastKnownFileType = text.plist.xml; path = Info.plist; sourceTree = "<group>"; };
		8E986FD522BF09E10099B37C /* MusicSearchViewController.swift */ = {isa = PBXFileReference; fileEncoding = 4; lastKnownFileType = sourcecode.swift; path = MusicSearchViewController.swift; sourceTree = "<group>"; };
		8E986FD622BF09E10099B37C /* MusicSearchInteractor.swift */ = {isa = PBXFileReference; fileEncoding = 4; lastKnownFileType = sourcecode.swift; path = MusicSearchInteractor.swift; sourceTree = "<group>"; };
		8E986FD722BF09E10099B37C /* MusicSearchRouter.swift */ = {isa = PBXFileReference; fileEncoding = 4; lastKnownFileType = sourcecode.swift; path = MusicSearchRouter.swift; sourceTree = "<group>"; };
		8E986FD822BF09E10099B37C /* MusicSearchWorker.swift */ = {isa = PBXFileReference; fileEncoding = 4; lastKnownFileType = sourcecode.swift; path = MusicSearchWorker.swift; sourceTree = "<group>"; };
		8E986FD922BF09E10099B37C /* MusicSearchModels.swift */ = {isa = PBXFileReference; fileEncoding = 4; lastKnownFileType = sourcecode.swift; path = MusicSearchModels.swift; sourceTree = "<group>"; };
		8E986FDA22BF09E10099B37C /* MusicSearchPresenter.swift */ = {isa = PBXFileReference; fileEncoding = 4; lastKnownFileType = sourcecode.swift; path = MusicSearchPresenter.swift; sourceTree = "<group>"; };
		8E986FEE22BF37BF0099B37C /* SongDetailViewController.swift */ = {isa = PBXFileReference; fileEncoding = 4; lastKnownFileType = sourcecode.swift; path = SongDetailViewController.swift; sourceTree = "<group>"; };
		8E986FEF22BF37BF0099B37C /* SongDetailPresenter.swift */ = {isa = PBXFileReference; fileEncoding = 4; lastKnownFileType = sourcecode.swift; path = SongDetailPresenter.swift; sourceTree = "<group>"; };
		8E986FF022BF37BF0099B37C /* SongDetailInteractor.swift */ = {isa = PBXFileReference; fileEncoding = 4; lastKnownFileType = sourcecode.swift; path = SongDetailInteractor.swift; sourceTree = "<group>"; };
		8E986FF122BF37BF0099B37C /* SongDetailRouter.swift */ = {isa = PBXFileReference; fileEncoding = 4; lastKnownFileType = sourcecode.swift; path = SongDetailRouter.swift; sourceTree = "<group>"; };
		8E986FF222BF37BF0099B37C /* SongDetailWorker.swift */ = {isa = PBXFileReference; fileEncoding = 4; lastKnownFileType = sourcecode.swift; path = SongDetailWorker.swift; sourceTree = "<group>"; };
		8E986FF322BF37BF0099B37C /* SongDetailModels.swift */ = {isa = PBXFileReference; fileEncoding = 4; lastKnownFileType = sourcecode.swift; path = SongDetailModels.swift; sourceTree = "<group>"; };
		8E986FFA22BF39A10099B37C /* SampleSong.json */ = {isa = PBXFileReference; fileEncoding = 4; lastKnownFileType = text.json; path = SampleSong.json; sourceTree = "<group>"; };
/* End PBXFileReference section */

/* Begin PBXFrameworksBuildPhase section */
		8E986FA222BEF4CE0099B37C /* Frameworks */ = {
			isa = PBXFrameworksBuildPhase;
			buildActionMask = 2147483647;
			files = (
			);
			runOnlyForDeploymentPostprocessing = 0;
		};
		8E986FB622BEF4CF0099B37C /* Frameworks */ = {
			isa = PBXFrameworksBuildPhase;
			buildActionMask = 2147483647;
			files = (
			);
			runOnlyForDeploymentPostprocessing = 0;
		};
/* End PBXFrameworksBuildPhase section */

/* Begin PBXGroup section */
		8E986F9C22BEF4CE0099B37C = {
			isa = PBXGroup;
			children = (
				8E986FA722BEF4CE0099B37C /* CodingChallenge */,
				8E986FBC22BEF4CF0099B37C /* CodingChallengeTests */,
				8E986FA622BEF4CE0099B37C /* Products */,
			);
			sourceTree = "<group>";
		};
		8E986FA622BEF4CE0099B37C /* Products */ = {
			isa = PBXGroup;
			children = (
				8E986FA522BEF4CE0099B37C /* CodingChallenge.app */,
				8E986FB922BEF4CF0099B37C /* CodingChallengeTests.xctest */,
			);
			name = Products;
			sourceTree = "<group>";
		};
		8E986FA722BEF4CE0099B37C /* CodingChallenge */ = {
			isa = PBXGroup;
			children = (
				8E986FED22BF37BF0099B37C /* SongDetails */,
				8E986FD422BF09E10099B37C /* MusicSearch */,
				8E986FA822BEF4CE0099B37C /* AppDelegate.swift */,
				8E986FAA22BEF4CE0099B37C /* ViewController.swift */,
				8E986FAC22BEF4CE0099B37C /* Main.storyboard */,
				8E986FAF22BEF4CF0099B37C /* Assets.xcassets */,
				8E986FB122BEF4CF0099B37C /* LaunchScreen.storyboard */,
				8E986FB422BEF4CF0099B37C /* Info.plist */,
			);
			path = CodingChallenge;
			sourceTree = "<group>";
		};
		8E986FBC22BEF4CF0099B37C /* CodingChallengeTests */ = {
			isa = PBXGroup;
			children = (
				8E986FFA22BF39A10099B37C /* SampleSong.json */,
				8E986FBD22BEF4CF0099B37C /* CodingChallengeTests.swift */,
				8E986FBF22BEF4CF0099B37C /* Info.plist */,
			);
			path = CodingChallengeTests;
			sourceTree = "<group>";
		};
		8E986FD422BF09E10099B37C /* MusicSearch */ = {
			isa = PBXGroup;
			children = (
				8E986FD522BF09E10099B37C /* MusicSearchViewController.swift */,
				8E986FD622BF09E10099B37C /* MusicSearchInteractor.swift */,
				8E986FD722BF09E10099B37C /* MusicSearchRouter.swift */,
				8E986FD822BF09E10099B37C /* MusicSearchWorker.swift */,
				8E986FD922BF09E10099B37C /* MusicSearchModels.swift */,
				8E986FDA22BF09E10099B37C /* MusicSearchPresenter.swift */,
			);
			path = MusicSearch;
			sourceTree = "<group>";
		};
		8E986FED22BF37BF0099B37C /* SongDetails */ = {
			isa = PBXGroup;
			children = (
				8E986FEE22BF37BF0099B37C /* SongDetailViewController.swift */,
				8E986FEF22BF37BF0099B37C /* SongDetailPresenter.swift */,
				8E986FF022BF37BF0099B37C /* SongDetailInteractor.swift */,
				8E986FF122BF37BF0099B37C /* SongDetailRouter.swift */,
				8E986FF222BF37BF0099B37C /* SongDetailWorker.swift */,
				8E986FF322BF37BF0099B37C /* SongDetailModels.swift */,
			);
			path = SongDetails;
			sourceTree = "<group>";
		};
/* End PBXGroup section */

/* Begin PBXNativeTarget section */
		8E986FA422BEF4CE0099B37C /* CodingChallenge */ = {
			isa = PBXNativeTarget;
			buildConfigurationList = 8E986FC222BEF4CF0099B37C /* Build configuration list for PBXNativeTarget "CodingChallenge" */;
			buildPhases = (
				8E986FA122BEF4CE0099B37C /* Sources */,
				8E986FA222BEF4CE0099B37C /* Frameworks */,
				8E986FA322BEF4CE0099B37C /* Resources */,
			);
			buildRules = (
			);
			dependencies = (
			);
			name = CodingChallenge;
			productName = CodingChallenge;
			productReference = 8E986FA522BEF4CE0099B37C /* CodingChallenge.app */;
			productType = "com.apple.product-type.application";
		};
		8E986FB822BEF4CF0099B37C /* CodingChallengeTests */ = {
			isa = PBXNativeTarget;
			buildConfigurationList = 8E986FC522BEF4CF0099B37C /* Build configuration list for PBXNativeTarget "CodingChallengeTests" */;
			buildPhases = (
				8E986FB522BEF4CF0099B37C /* Sources */,
				8E986FB622BEF4CF0099B37C /* Frameworks */,
				8E986FB722BEF4CF0099B37C /* Resources */,
			);
			buildRules = (
			);
			dependencies = (
				8E986FBB22BEF4CF0099B37C /* PBXTargetDependency */,
			);
			name = CodingChallengeTests;
			productName = CodingChallengeTests;
			productReference = 8E986FB922BEF4CF0099B37C /* CodingChallengeTests.xctest */;
			productType = "com.apple.product-type.bundle.unit-test";
		};
/* End PBXNativeTarget section */

/* Begin PBXProject section */
		8E986F9D22BEF4CE0099B37C /* Project object */ = {
			isa = PBXProject;
			attributes = {
				LastSwiftUpdateCheck = 1020;
				LastUpgradeCheck = 1020;
				ORGANIZATIONNAME = "Edgar Barocio";
				TargetAttributes = {
					8E986FA422BEF4CE0099B37C = {
						CreatedOnToolsVersion = 10.2.1;
					};
					8E986FB822BEF4CF0099B37C = {
						CreatedOnToolsVersion = 10.2.1;
						TestTargetID = 8E986FA422BEF4CE0099B37C;
					};
				};
			};
			buildConfigurationList = 8E986FA022BEF4CE0099B37C /* Build configuration list for PBXProject "CodingChallenge" */;
			compatibilityVersion = "Xcode 9.3";
			developmentRegion = en;
			hasScannedForEncodings = 0;
			knownRegions = (
				en,
				Base,
			);
			mainGroup = 8E986F9C22BEF4CE0099B37C;
			productRefGroup = 8E986FA622BEF4CE0099B37C /* Products */;
			projectDirPath = "";
			projectRoot = "";
			targets = (
				8E986FA422BEF4CE0099B37C /* CodingChallenge */,
				8E986FB822BEF4CF0099B37C /* CodingChallengeTests */,
			);
		};
/* End PBXProject section */

/* Begin PBXResourcesBuildPhase section */
		8E986FA322BEF4CE0099B37C /* Resources */ = {
			isa = PBXResourcesBuildPhase;
			buildActionMask = 2147483647;
			files = (
				8E986FB322BEF4CF0099B37C /* LaunchScreen.storyboard in Resources */,
				8E986FB022BEF4CF0099B37C /* Assets.xcassets in Resources */,
				8E986FAE22BEF4CE0099B37C /* Main.storyboard in Resources */,
			);
			runOnlyForDeploymentPostprocessing = 0;
		};
		8E986FB722BEF4CF0099B37C /* Resources */ = {
			isa = PBXResourcesBuildPhase;
			buildActionMask = 2147483647;
			files = (
				8E986FFB22BF39A10099B37C /* SampleSong.json in Resources */,
			);
			runOnlyForDeploymentPostprocessing = 0;
		};
/* End PBXResourcesBuildPhase section */

/* Begin PBXSourcesBuildPhase section */
		8E986FA122BEF4CE0099B37C /* Sources */ = {
			isa = PBXSourcesBuildPhase;
			buildActionMask = 2147483647;
			files = (
				8E986FF722BF37BF0099B37C /* SongDetailRouter.swift in Sources */,
				8E986FF522BF37BF0099B37C /* SongDetailPresenter.swift in Sources */,
				8E986FDC22BF09E10099B37C /* MusicSearchInteractor.swift in Sources */,
				8E986FF622BF37BF0099B37C /* SongDetailInteractor.swift in Sources */,
				8E986FF822BF37BF0099B37C /* SongDetailWorker.swift in Sources */,
				8E986FDE22BF09E10099B37C /* MusicSearchWorker.swift in Sources */,
				8E986FAB22BEF4CE0099B37C /* ViewController.swift in Sources */,
				8E986FF422BF37BF0099B37C /* SongDetailViewController.swift in Sources */,
				8E986FDB22BF09E10099B37C /* MusicSearchViewController.swift in Sources */,
				8E986FE022BF09E10099B37C /* MusicSearchPresenter.swift in Sources */,
				8E986FDD22BF09E10099B37C /* MusicSearchRouter.swift in Sources */,
				8E986FA922BEF4CE0099B37C /* AppDelegate.swift in Sources */,
				8E986FDF22BF09E10099B37C /* MusicSearchModels.swift in Sources */,
				8E986FF922BF37BF0099B37C /* SongDetailModels.swift in Sources */,
			);
			runOnlyForDeploymentPostprocessing = 0;
		};
		8E986FB522BEF4CF0099B37C /* Sources */ = {
			isa = PBXSourcesBuildPhase;
			buildActionMask = 2147483647;
			files = (
				8E986FBE22BEF4CF0099B37C /* CodingChallengeTests.swift in Sources */,
			);
			runOnlyForDeploymentPostprocessing = 0;
		};
/* End PBXSourcesBuildPhase section */

/* Begin PBXTargetDependency section */
		8E986FBB22BEF4CF0099B37C /* PBXTargetDependency */ = {
			isa = PBXTargetDependency;
			target = 8E986FA422BEF4CE0099B37C /* CodingChallenge */;
			targetProxy = 8E986FBA22BEF4CF0099B37C /* PBXContainerItemProxy */;
		};
/* End PBXTargetDependency section */

/* Begin PBXVariantGroup section */
		8E986FAC22BEF4CE0099B37C /* Main.storyboard */ = {
			isa = PBXVariantGroup;
			children = (
				8E986FAD22BEF4CE0099B37C /* Base */,
			);
			name = Main.storyboard;
			sourceTree = "<group>";
		};
		8E986FB122BEF4CF0099B37C /* LaunchScreen.storyboard */ = {
			isa = PBXVariantGroup;
			children = (
				8E986FB222BEF4CF0099B37C /* Base */,
			);
			name = LaunchScreen.storyboard;
			sourceTree = "<group>";
		};
/* End PBXVariantGroup section */

/* Begin XCBuildConfiguration section */
		8E986FC022BEF4CF0099B37C /* Debug */ = {
			isa = XCBuildConfiguration;
			buildSettings = {
				ALWAYS_SEARCH_USER_PATHS = NO;
				CLANG_ANALYZER_NONNULL = YES;
				CLANG_ANALYZER_NUMBER_OBJECT_CONVERSION = YES_AGGRESSIVE;
				CLANG_CXX_LANGUAGE_STANDARD = "gnu++14";
				CLANG_CXX_LIBRARY = "libc++";
				CLANG_ENABLE_MODULES = YES;
				CLANG_ENABLE_OBJC_ARC = YES;
				CLANG_ENABLE_OBJC_WEAK = YES;
				CLANG_WARN_BLOCK_CAPTURE_AUTORELEASING = YES;
				CLANG_WARN_BOOL_CONVERSION = YES;
				CLANG_WARN_COMMA = YES;
				CLANG_WARN_CONSTANT_CONVERSION = YES;
				CLANG_WARN_DEPRECATED_OBJC_IMPLEMENTATIONS = YES;
				CLANG_WARN_DIRECT_OBJC_ISA_USAGE = YES_ERROR;
				CLANG_WARN_DOCUMENTATION_COMMENTS = YES;
				CLANG_WARN_EMPTY_BODY = YES;
				CLANG_WARN_ENUM_CONVERSION = YES;
				CLANG_WARN_INFINITE_RECURSION = YES;
				CLANG_WARN_INT_CONVERSION = YES;
				CLANG_WARN_NON_LITERAL_NULL_CONVERSION = YES;
				CLANG_WARN_OBJC_IMPLICIT_RETAIN_SELF = YES;
				CLANG_WARN_OBJC_LITERAL_CONVERSION = YES;
				CLANG_WARN_OBJC_ROOT_CLASS = YES_ERROR;
				CLANG_WARN_RANGE_LOOP_ANALYSIS = YES;
				CLANG_WARN_STRICT_PROTOTYPES = YES;
				CLANG_WARN_SUSPICIOUS_MOVE = YES;
				CLANG_WARN_UNGUARDED_AVAILABILITY = YES_AGGRESSIVE;
				CLANG_WARN_UNREACHABLE_CODE = YES;
				CLANG_WARN__DUPLICATE_METHOD_MATCH = YES;
				CODE_SIGN_IDENTITY = "iPhone Developer";
				COPY_PHASE_STRIP = NO;
				DEBUG_INFORMATION_FORMAT = dwarf;
				ENABLE_STRICT_OBJC_MSGSEND = YES;
				ENABLE_TESTABILITY = YES;
				GCC_C_LANGUAGE_STANDARD = gnu11;
				GCC_DYNAMIC_NO_PIC = NO;
				GCC_NO_COMMON_BLOCKS = YES;
				GCC_OPTIMIZATION_LEVEL = 0;
				GCC_PREPROCESSOR_DEFINITIONS = (
					"DEBUG=1",
					"$(inherited)",
				);
				GCC_WARN_64_TO_32_BIT_CONVERSION = YES;
				GCC_WARN_ABOUT_RETURN_TYPE = YES_ERROR;
				GCC_WARN_UNDECLARED_SELECTOR = YES;
				GCC_WARN_UNINITIALIZED_AUTOS = YES_AGGRESSIVE;
				GCC_WARN_UNUSED_FUNCTION = YES;
				GCC_WARN_UNUSED_VARIABLE = YES;
				IPHONEOS_DEPLOYMENT_TARGET = 12.2;
				MTL_ENABLE_DEBUG_INFO = INCLUDE_SOURCE;
				MTL_FAST_MATH = YES;
				ONLY_ACTIVE_ARCH = YES;
				SDKROOT = iphoneos;
				SWIFT_ACTIVE_COMPILATION_CONDITIONS = DEBUG;
				SWIFT_OPTIMIZATION_LEVEL = "-Onone";
			};
			name = Debug;
		};
		8E986FC122BEF4CF0099B37C /* Release */ = {
			isa = XCBuildConfiguration;
			buildSettings = {
				ALWAYS_SEARCH_USER_PATHS = NO;
				CLANG_ANALYZER_NONNULL = YES;
				CLANG_ANALYZER_NUMBER_OBJECT_CONVERSION = YES_AGGRESSIVE;
				CLANG_CXX_LANGUAGE_STANDARD = "gnu++14";
				CLANG_CXX_LIBRARY = "libc++";
				CLANG_ENABLE_MODULES = YES;
				CLANG_ENABLE_OBJC_ARC = YES;
				CLANG_ENABLE_OBJC_WEAK = YES;
				CLANG_WARN_BLOCK_CAPTURE_AUTORELEASING = YES;
				CLANG_WARN_BOOL_CONVERSION = YES;
				CLANG_WARN_COMMA = YES;
				CLANG_WARN_CONSTANT_CONVERSION = YES;
				CLANG_WARN_DEPRECATED_OBJC_IMPLEMENTATIONS = YES;
				CLANG_WARN_DIRECT_OBJC_ISA_USAGE = YES_ERROR;
				CLANG_WARN_DOCUMENTATION_COMMENTS = YES;
				CLANG_WARN_EMPTY_BODY = YES;
				CLANG_WARN_ENUM_CONVERSION = YES;
				CLANG_WARN_INFINITE_RECURSION = YES;
				CLANG_WARN_INT_CONVERSION = YES;
				CLANG_WARN_NON_LITERAL_NULL_CONVERSION = YES;
				CLANG_WARN_OBJC_IMPLICIT_RETAIN_SELF = YES;
				CLANG_WARN_OBJC_LITERAL_CONVERSION = YES;
				CLANG_WARN_OBJC_ROOT_CLASS = YES_ERROR;
				CLANG_WARN_RANGE_LOOP_ANALYSIS = YES;
				CLANG_WARN_STRICT_PROTOTYPES = YES;
				CLANG_WARN_SUSPICIOUS_MOVE = YES;
				CLANG_WARN_UNGUARDED_AVAILABILITY = YES_AGGRESSIVE;
				CLANG_WARN_UNREACHABLE_CODE = YES;
				CLANG_WARN__DUPLICATE_METHOD_MATCH = YES;
				CODE_SIGN_IDENTITY = "iPhone Developer";
				COPY_PHASE_STRIP = NO;
				DEBUG_INFORMATION_FORMAT = "dwarf-with-dsym";
				ENABLE_NS_ASSERTIONS = NO;
				ENABLE_STRICT_OBJC_MSGSEND = YES;
				GCC_C_LANGUAGE_STANDARD = gnu11;
				GCC_NO_COMMON_BLOCKS = YES;
				GCC_WARN_64_TO_32_BIT_CONVERSION = YES;
				GCC_WARN_ABOUT_RETURN_TYPE = YES_ERROR;
				GCC_WARN_UNDECLARED_SELECTOR = YES;
				GCC_WARN_UNINITIALIZED_AUTOS = YES_AGGRESSIVE;
				GCC_WARN_UNUSED_FUNCTION = YES;
				GCC_WARN_UNUSED_VARIABLE = YES;
				IPHONEOS_DEPLOYMENT_TARGET = 12.2;
				MTL_ENABLE_DEBUG_INFO = NO;
				MTL_FAST_MATH = YES;
				SDKROOT = iphoneos;
				SWIFT_COMPILATION_MODE = wholemodule;
				SWIFT_OPTIMIZATION_LEVEL = "-O";
				VALIDATE_PRODUCT = YES;
			};
			name = Release;
		};
		8E986FC322BEF4CF0099B37C /* Debug */ = {
			isa = XCBuildConfiguration;
			buildSettings = {
				ASSETCATALOG_COMPILER_APPICON_NAME = AppIcon;
				CODE_SIGN_STYLE = Automatic;
				DEVELOPMENT_TEAM = CJ5733QS4D;
				INFOPLIST_FILE = CodingChallenge/Info.plist;
				LD_RUNPATH_SEARCH_PATHS = (
					"$(inherited)",
					"@executable_path/Frameworks",
				);
				PRODUCT_BUNDLE_IDENTIFIER = com.edgarbarocio.CodingChallenge;
				PRODUCT_NAME = "$(TARGET_NAME)";
				SWIFT_VERSION = 5.0;
				TARGETED_DEVICE_FAMILY = "1,2";
			};
			name = Debug;
		};
		8E986FC422BEF4CF0099B37C /* Release */ = {
			isa = XCBuildConfiguration;
			buildSettings = {
				ASSETCATALOG_COMPILER_APPICON_NAME = AppIcon;
				CODE_SIGN_STYLE = Automatic;
				DEVELOPMENT_TEAM = CJ5733QS4D;
				INFOPLIST_FILE = CodingChallenge/Info.plist;
				LD_RUNPATH_SEARCH_PATHS = (
					"$(inherited)",
					"@executable_path/Frameworks",
				);
				PRODUCT_BUNDLE_IDENTIFIER = com.edgarbarocio.CodingChallenge;
				PRODUCT_NAME = "$(TARGET_NAME)";
				SWIFT_VERSION = 5.0;
				TARGETED_DEVICE_FAMILY = "1,2";
			};
			name = Release;
		};
		8E986FC622BEF4CF0099B37C /* Debug */ = {
			isa = XCBuildConfiguration;
			buildSettings = {
				ALWAYS_EMBED_SWIFT_STANDARD_LIBRARIES = YES;
				BUNDLE_LOADER = "$(TEST_HOST)";
				CODE_SIGN_STYLE = Automatic;
				INFOPLIST_FILE = CodingChallengeTests/Info.plist;
				LD_RUNPATH_SEARCH_PATHS = (
					"$(inherited)",
					"@executable_path/Frameworks",
					"@loader_path/Frameworks",
				);
				PRODUCT_BUNDLE_IDENTIFIER = com.edgarbarocio.CodingChallengeTests;
				PRODUCT_NAME = "$(TARGET_NAME)";
				SWIFT_VERSION = 5.0;
				TARGETED_DEVICE_FAMILY = "1,2";
				TEST_HOST = "$(BUILT_PRODUCTS_DIR)/CodingChallenge.app/CodingChallenge";
			};
			name = Debug;
		};
		8E986FC722BEF4CF0099B37C /* Release */ = {
			isa = XCBuildConfiguration;
			buildSettings = {
				ALWAYS_EMBED_SWIFT_STANDARD_LIBRARIES = YES;
				BUNDLE_LOADER = "$(TEST_HOST)";
				CODE_SIGN_STYLE = Automatic;
				INFOPLIST_FILE = CodingChallengeTests/Info.plist;
				LD_RUNPATH_SEARCH_PATHS = (
					"$(inherited)",
					"@executable_path/Frameworks",
					"@loader_path/Frameworks",
				);
				PRODUCT_BUNDLE_IDENTIFIER = com.edgarbarocio.CodingChallengeTests;
				PRODUCT_NAME = "$(TARGET_NAME)";
				SWIFT_VERSION = 5.0;
				TARGETED_DEVICE_FAMILY = "1,2";
				TEST_HOST = "$(BUILT_PRODUCTS_DIR)/CodingChallenge.app/CodingChallenge";
			};
			name = Release;
		};
/* End XCBuildConfiguration section */

/* Begin XCConfigurationList section */
		8E986FA022BEF4CE0099B37C /* Build configuration list for PBXProject "CodingChallenge" */ = {
			isa = XCConfigurationList;
			buildConfigurations = (
				8E986FC022BEF4CF0099B37C /* Debug */,
				8E986FC122BEF4CF0099B37C /* Release */,
			);
			defaultConfigurationIsVisible = 0;
			defaultConfigurationName = Release;
		};
		8E986FC222BEF4CF0099B37C /* Build configuration list for PBXNativeTarget "CodingChallenge" */ = {
			isa = XCConfigurationList;
			buildConfigurations = (
				8E986FC322BEF4CF0099B37C /* Debug */,
				8E986FC422BEF4CF0099B37C /* Release */,
			);
			defaultConfigurationIsVisible = 0;
			defaultConfigurationName = Release;
		};
		8E986FC522BEF4CF0099B37C /* Build configuration list for PBXNativeTarget "CodingChallengeTests" */ = {
			isa = XCConfigurationList;
			buildConfigurations = (
				8E986FC622BEF4CF0099B37C /* Debug */,
				8E986FC722BEF4CF0099B37C /* Release */,
			);
			defaultConfigurationIsVisible = 0;
			defaultConfigurationName = Release;
		};
/* End XCConfigurationList section */
	};
	rootObject = 8E986F9D22BEF4CE0099B37C /* Project object */;
}
